// !$*UTF8*$!
{
	archiveVersion = 1;
	classes = {
	};
	objectVersion = 56;
	objects = {

/* Begin PBXBuildFile section */
		A457DF0B2A50A7C100D6DAB9 /* LocationFetcher.swift in Sources */ = {isa = PBXBuildFile; fileRef = A457DF0A2A50A7C100D6DAB9 /* LocationFetcher.swift */; };
		A457DF0D2A50AA0500D6DAB9 /* DetailView-ViewModel.swift in Sources */ = {isa = PBXBuildFile; fileRef = A457DF0C2A50AA0500D6DAB9 /* DetailView-ViewModel.swift */; };
		A457DF0F2A50B1FF00D6DAB9 /* CLLocationCoordinate2DToCoordinate.swift in Sources */ = {isa = PBXBuildFile; fileRef = A457DF0E2A50B1FF00D6DAB9 /* CLLocationCoordinate2DToCoordinate.swift */; };
		A457DF112A50B24000D6DAB9 /* Coordinate.swift in Sources */ = {isa = PBXBuildFile; fileRef = A457DF102A50B24000D6DAB9 /* Coordinate.swift */; };
		A457DF132A50C40600D6DAB9 /* Location.swift in Sources */ = {isa = PBXBuildFile; fileRef = A457DF122A50C40600D6DAB9 /* Location.swift */; };
		A4A98C222A4CB2AA00FD8F33 /* PicMemoApp.swift in Sources */ = {isa = PBXBuildFile; fileRef = A4A98C212A4CB2AA00FD8F33 /* PicMemoApp.swift */; };
		A4A98C242A4CB2AA00FD8F33 /* ContentView.swift in Sources */ = {isa = PBXBuildFile; fileRef = A4A98C232A4CB2AA00FD8F33 /* ContentView.swift */; };
		A4A98C262A4CB2AC00FD8F33 /* Assets.xcassets in Resources */ = {isa = PBXBuildFile; fileRef = A4A98C252A4CB2AC00FD8F33 /* Assets.xcassets */; };
		A4A98C292A4CB2AC00FD8F33 /* Preview Assets.xcassets in Resources */ = {isa = PBXBuildFile; fileRef = A4A98C282A4CB2AC00FD8F33 /* Preview Assets.xcassets */; };
		A4BFD7C32A4E04FD00F8F1AF /* ContentView-ViewModel.swift in Sources */ = {isa = PBXBuildFile; fileRef = A4BFD7C22A4E04FD00F8F1AF /* ContentView-ViewModel.swift */; };
		A4BFD7C92A4E11D700F8F1AF /* AddMemoView-ViewModel.swift in Sources */ = {isa = PBXBuildFile; fileRef = A4BFD7C82A4E11D700F8F1AF /* AddMemoView-ViewModel.swift */; };
		A4E09C4A2A4CBFC400F58554 /* Memo.swift in Sources */ = {isa = PBXBuildFile; fileRef = A4E09C492A4CBFC400F58554 /* Memo.swift */; };
		A4E09C4C2A4CCCCC00F58554 /* DetailView.swift in Sources */ = {isa = PBXBuildFile; fileRef = A4E09C4B2A4CCCCC00F58554 /* DetailView.swift */; };
		A4E09C4E2A4CD79000F58554 /* ImagePicker.swift in Sources */ = {isa = PBXBuildFile; fileRef = A4E09C4D2A4CD78F00F58554 /* ImagePicker.swift */; };
		A4E09C522A4CDB5500F58554 /* FileManager-DocumentsDirectory.swift in Sources */ = {isa = PBXBuildFile; fileRef = A4E09C512A4CDB5500F58554 /* FileManager-DocumentsDirectory.swift */; };
		A4E09C552A4CE83C00F58554 /* AddMemoView.swift in Sources */ = {isa = PBXBuildFile; fileRef = A4E09C542A4CE83C00F58554 /* AddMemoView.swift */; };
/* End PBXBuildFile section */

/* Begin PBXFileReference section */
		A457DF0A2A50A7C100D6DAB9 /* LocationFetcher.swift */ = {isa = PBXFileReference; lastKnownFileType = sourcecode.swift; path = LocationFetcher.swift; sourceTree = "<group>"; };
		A457DF0C2A50AA0500D6DAB9 /* DetailView-ViewModel.swift */ = {isa = PBXFileReference; lastKnownFileType = sourcecode.swift; name = "DetailView-ViewModel.swift"; path = "PicMemo/ViewModel/DetailView-ViewModel.swift"; sourceTree = SOURCE_ROOT; };
		A457DF0E2A50B1FF00D6DAB9 /* CLLocationCoordinate2DToCoordinate.swift */ = {isa = PBXFileReference; lastKnownFileType = sourcecode.swift; path = CLLocationCoordinate2DToCoordinate.swift; sourceTree = "<group>"; };
		A457DF102A50B24000D6DAB9 /* Coordinate.swift */ = {isa = PBXFileReference; lastKnownFileType = sourcecode.swift; path = Coordinate.swift; sourceTree = "<group>"; };
		A457DF122A50C40600D6DAB9 /* Location.swift */ = {isa = PBXFileReference; lastKnownFileType = sourcecode.swift; path = Location.swift; sourceTree = "<group>"; };
		A4A98C1E2A4CB2AA00FD8F33 /* PicMemo.app */ = {isa = PBXFileReference; explicitFileType = wrapper.application; includeInIndex = 0; path = PicMemo.app; sourceTree = BUILT_PRODUCTS_DIR; };
		A4A98C212A4CB2AA00FD8F33 /* PicMemoApp.swift */ = {isa = PBXFileReference; lastKnownFileType = sourcecode.swift; path = PicMemoApp.swift; sourceTree = "<group>"; };
		A4A98C232A4CB2AA00FD8F33 /* ContentView.swift */ = {isa = PBXFileReference; lastKnownFileType = sourcecode.swift; path = ContentView.swift; sourceTree = "<group>"; };
		A4A98C252A4CB2AC00FD8F33 /* Assets.xcassets */ = {isa = PBXFileReference; lastKnownFileType = folder.assetcatalog; path = Assets.xcassets; sourceTree = "<group>"; };
		A4A98C282A4CB2AC00FD8F33 /* Preview Assets.xcassets */ = {isa = PBXFileReference; lastKnownFileType = folder.assetcatalog; path = "Preview Assets.xcassets"; sourceTree = "<group>"; };
		A4BFD7C22A4E04FD00F8F1AF /* ContentView-ViewModel.swift */ = {isa = PBXFileReference; lastKnownFileType = sourcecode.swift; path = "ContentView-ViewModel.swift"; sourceTree = "<group>"; };
		A4BFD7C82A4E11D700F8F1AF /* AddMemoView-ViewModel.swift */ = {isa = PBXFileReference; lastKnownFileType = sourcecode.swift; path = "AddMemoView-ViewModel.swift"; sourceTree = "<group>"; };
		A4E09C492A4CBFC400F58554 /* Memo.swift */ = {isa = PBXFileReference; lastKnownFileType = sourcecode.swift; path = Memo.swift; sourceTree = "<group>"; };
		A4E09C4B2A4CCCCC00F58554 /* DetailView.swift */ = {isa = PBXFileReference; lastKnownFileType = sourcecode.swift; path = DetailView.swift; sourceTree = "<group>"; };
		A4E09C4D2A4CD78F00F58554 /* ImagePicker.swift */ = {isa = PBXFileReference; fileEncoding = 4; lastKnownFileType = sourcecode.swift; path = ImagePicker.swift; sourceTree = "<group>"; };
		A4E09C512A4CDB5500F58554 /* FileManager-DocumentsDirectory.swift */ = {isa = PBXFileReference; fileEncoding = 4; lastKnownFileType = sourcecode.swift; path = "FileManager-DocumentsDirectory.swift"; sourceTree = "<group>"; };
		A4E09C542A4CE83C00F58554 /* AddMemoView.swift */ = {isa = PBXFileReference; lastKnownFileType = sourcecode.swift; path = AddMemoView.swift; sourceTree = "<group>"; };
/* End PBXFileReference section */

/* Begin PBXFrameworksBuildPhase section */
		A4A98C1B2A4CB2AA00FD8F33 /* Frameworks */ = {
			isa = PBXFrameworksBuildPhase;
			buildActionMask = 2147483647;
			files = (
			);
			runOnlyForDeploymentPostprocessing = 0;
		};
/* End PBXFrameworksBuildPhase section */

/* Begin PBXGroup section */
		A4A98C152A4CB2AA00FD8F33 = {
			isa = PBXGroup;
			children = (
				A4A98C202A4CB2AA00FD8F33 /* PicMemo */,
				A4A98C1F2A4CB2AA00FD8F33 /* Products */,
			);
			sourceTree = "<group>";
		};
		A4A98C1F2A4CB2AA00FD8F33 /* Products */ = {
			isa = PBXGroup;
			children = (
				A4A98C1E2A4CB2AA00FD8F33 /* PicMemo.app */,
			);
			name = Products;
			sourceTree = "<group>";
		};
		A4A98C202A4CB2AA00FD8F33 /* PicMemo */ = {
			isa = PBXGroup;
			children = (
				A4A98C212A4CB2AA00FD8F33 /* PicMemoApp.swift */,
				A4BFD7C42A4E050500F8F1AF /* ViewModel */,
				A4E09C532A4CE82400F58554 /* View */,
				A4BFD7C52A4E072A00F8F1AF /* Model */,
				A4E09C512A4CDB5500F58554 /* FileManager-DocumentsDirectory.swift */,
				A457DF0E2A50B1FF00D6DAB9 /* CLLocationCoordinate2DToCoordinate.swift */,
				A457DF0A2A50A7C100D6DAB9 /* LocationFetcher.swift */,
				A4A98C252A4CB2AC00FD8F33 /* Assets.xcassets */,
				A4A98C272A4CB2AC00FD8F33 /* Preview Content */,
			);
			path = PicMemo;
			sourceTree = "<group>";
		};
		A4A98C272A4CB2AC00FD8F33 /* Preview Content */ = {
			isa = PBXGroup;
			children = (
				A4A98C282A4CB2AC00FD8F33 /* Preview Assets.xcassets */,
			);
			path = "Preview Content";
			sourceTree = "<group>";
		};
		A4BFD7C42A4E050500F8F1AF /* ViewModel */ = {
			isa = PBXGroup;
			children = (
				A4BFD7C82A4E11D700F8F1AF /* AddMemoView-ViewModel.swift */,
				A4BFD7C22A4E04FD00F8F1AF /* ContentView-ViewModel.swift */,
				A457DF0C2A50AA0500D6DAB9 /* DetailView-ViewModel.swift */,
			);
			path = ViewModel;
			sourceTree = "<group>";
		};
		A4BFD7C52A4E072A00F8F1AF /* Model */ = {
			isa = PBXGroup;
			children = (
				A4E09C492A4CBFC400F58554 /* Memo.swift */,
				A457DF102A50B24000D6DAB9 /* Coordinate.swift */,
				A457DF122A50C40600D6DAB9 /* Location.swift */,
			);
			path = Model;
			sourceTree = "<group>";
		};
		A4E09C532A4CE82400F58554 /* View */ = {
			isa = PBXGroup;
			children = (
				A4A98C232A4CB2AA00FD8F33 /* ContentView.swift */,
				A4E09C4B2A4CCCCC00F58554 /* DetailView.swift */,
				A4E09C542A4CE83C00F58554 /* AddMemoView.swift */,
				A4E09C4D2A4CD78F00F58554 /* ImagePicker.swift */,
			);
			path = View;
			sourceTree = "<group>";
		};
/* End PBXGroup section */

/* Begin PBXNativeTarget section */
		A4A98C1D2A4CB2AA00FD8F33 /* PicMemo */ = {
			isa = PBXNativeTarget;
			buildConfigurationList = A4A98C2C2A4CB2AC00FD8F33 /* Build configuration list for PBXNativeTarget "PicMemo" */;
			buildPhases = (
				A4A98C1A2A4CB2AA00FD8F33 /* Sources */,
				A4A98C1B2A4CB2AA00FD8F33 /* Frameworks */,
				A4A98C1C2A4CB2AA00FD8F33 /* Resources */,
			);
			buildRules = (
			);
			dependencies = (
			);
			name = PicMemo;
			productName = PicMemo;
			productReference = A4A98C1E2A4CB2AA00FD8F33 /* PicMemo.app */;
			productType = "com.apple.product-type.application";
		};
/* End PBXNativeTarget section */

/* Begin PBXProject section */
		A4A98C162A4CB2AA00FD8F33 /* Project object */ = {
			isa = PBXProject;
			attributes = {
				BuildIndependentTargetsInParallel = 1;
				LastSwiftUpdateCheck = 1430;
				LastUpgradeCheck = 1430;
				TargetAttributes = {
					A4A98C1D2A4CB2AA00FD8F33 = {
						CreatedOnToolsVersion = 14.3.1;
					};
				};
			};
			buildConfigurationList = A4A98C192A4CB2AA00FD8F33 /* Build configuration list for PBXProject "PicMemo" */;
			compatibilityVersion = "Xcode 14.0";
			developmentRegion = en;
			hasScannedForEncodings = 0;
			knownRegions = (
				en,
				Base,
			);
			mainGroup = A4A98C152A4CB2AA00FD8F33;
			productRefGroup = A4A98C1F2A4CB2AA00FD8F33 /* Products */;
			projectDirPath = "";
			projectRoot = "";
			targets = (
				A4A98C1D2A4CB2AA00FD8F33 /* PicMemo */,
			);
		};
/* End PBXProject section */

/* Begin PBXResourcesBuildPhase section */
		A4A98C1C2A4CB2AA00FD8F33 /* Resources */ = {
			isa = PBXResourcesBuildPhase;
			buildActionMask = 2147483647;
			files = (
				A4A98C292A4CB2AC00FD8F33 /* Preview Assets.xcassets in Resources */,
				A4A98C262A4CB2AC00FD8F33 /* Assets.xcassets in Resources */,
			);
			runOnlyForDeploymentPostprocessing = 0;
		};
/* End PBXResourcesBuildPhase section */

/* Begin PBXSourcesBuildPhase section */
		A4A98C1A2A4CB2AA00FD8F33 /* Sources */ = {
			isa = PBXSourcesBuildPhase;
			buildActionMask = 2147483647;
			files = (
				A4E09C552A4CE83C00F58554 /* AddMemoView.swift in Sources */,
				A4E09C4A2A4CBFC400F58554 /* Memo.swift in Sources */,
				A457DF0B2A50A7C100D6DAB9 /* LocationFetcher.swift in Sources */,
				A4E09C522A4CDB5500F58554 /* FileManager-DocumentsDirectory.swift in Sources */,
				A457DF0F2A50B1FF00D6DAB9 /* CLLocationCoordinate2DToCoordinate.swift in Sources */,
				A4BFD7C92A4E11D700F8F1AF /* AddMemoView-ViewModel.swift in Sources */,
				A457DF132A50C40600D6DAB9 /* Location.swift in Sources */,
				A4E09C4C2A4CCCCC00F58554 /* DetailView.swift in Sources */,
				A4E09C4E2A4CD79000F58554 /* ImagePicker.swift in Sources */,
				A4BFD7C32A4E04FD00F8F1AF /* ContentView-ViewModel.swift in Sources */,
				A457DF112A50B24000D6DAB9 /* Coordinate.swift in Sources */,
				A457DF0D2A50AA0500D6DAB9 /* DetailView-ViewModel.swift in Sources */,
				A4A98C242A4CB2AA00FD8F33 /* ContentView.swift in Sources */,
				A4A98C222A4CB2AA00FD8F33 /* PicMemoApp.swift in Sources */,
			);
			runOnlyForDeploymentPostprocessing = 0;
		};
/* End PBXSourcesBuildPhase section */

/* Begin XCBuildConfiguration section */
		A4A98C2A2A4CB2AC00FD8F33 /* Debug */ = {
			isa = XCBuildConfiguration;
			buildSettings = {
				ALWAYS_SEARCH_USER_PATHS = NO;
				CLANG_ANALYZER_NONNULL = YES;
				CLANG_ANALYZER_NUMBER_OBJECT_CONVERSION = YES_AGGRESSIVE;
				CLANG_CXX_LANGUAGE_STANDARD = "gnu++20";
				CLANG_ENABLE_MODULES = YES;
				CLANG_ENABLE_OBJC_ARC = YES;
				CLANG_ENABLE_OBJC_WEAK = YES;
				CLANG_WARN_BLOCK_CAPTURE_AUTORELEASING = YES;
				CLANG_WARN_BOOL_CONVERSION = YES;
				CLANG_WARN_COMMA = YES;
				CLANG_WARN_CONSTANT_CONVERSION = YES;
				CLANG_WARN_DEPRECATED_OBJC_IMPLEMENTATIONS = YES;
				CLANG_WARN_DIRECT_OBJC_ISA_USAGE = YES_ERROR;
				CLANG_WARN_DOCUMENTATION_COMMENTS = YES;
				CLANG_WARN_EMPTY_BODY = YES;
				CLANG_WARN_ENUM_CONVERSION = YES;
				CLANG_WARN_INFINITE_RECURSION = YES;
				CLANG_WARN_INT_CONVERSION = YES;
				CLANG_WARN_NON_LITERAL_NULL_CONVERSION = YES;
				CLANG_WARN_OBJC_IMPLICIT_RETAIN_SELF = YES;
				CLANG_WARN_OBJC_LITERAL_CONVERSION = YES;
				CLANG_WARN_OBJC_ROOT_CLASS = YES_ERROR;
				CLANG_WARN_QUOTED_INCLUDE_IN_FRAMEWORK_HEADER = YES;
				CLANG_WARN_RANGE_LOOP_ANALYSIS = YES;
				CLANG_WARN_STRICT_PROTOTYPES = YES;
				CLANG_WARN_SUSPICIOUS_MOVE = YES;
				CLANG_WARN_UNGUARDED_AVAILABILITY = YES_AGGRESSIVE;
				CLANG_WARN_UNREACHABLE_CODE = YES;
				CLANG_WARN__DUPLICATE_METHOD_MATCH = YES;
				COPY_PHASE_STRIP = NO;
				DEBUG_INFORMATION_FORMAT = dwarf;
				ENABLE_STRICT_OBJC_MSGSEND = YES;
				ENABLE_TESTABILITY = YES;
				GCC_C_LANGUAGE_STANDARD = gnu11;
				GCC_DYNAMIC_NO_PIC = NO;
				GCC_NO_COMMON_BLOCKS = YES;
				GCC_OPTIMIZATION_LEVEL = 0;
				GCC_PREPROCESSOR_DEFINITIONS = (
					"DEBUG=1",
					"$(inherited)",
				);
				GCC_WARN_64_TO_32_BIT_CONVERSION = YES;
				GCC_WARN_ABOUT_RETURN_TYPE = YES_ERROR;
				GCC_WARN_UNDECLARED_SELECTOR = YES;
				GCC_WARN_UNINITIALIZED_AUTOS = YES_AGGRESSIVE;
				GCC_WARN_UNUSED_FUNCTION = YES;
				GCC_WARN_UNUSED_VARIABLE = YES;
				IPHONEOS_DEPLOYMENT_TARGET = 16.4;
				MTL_ENABLE_DEBUG_INFO = INCLUDE_SOURCE;
				MTL_FAST_MATH = YES;
				ONLY_ACTIVE_ARCH = YES;
				SDKROOT = iphoneos;
				SWIFT_ACTIVE_COMPILATION_CONDITIONS = DEBUG;
				SWIFT_OPTIMIZATION_LEVEL = "-Onone";
			};
			name = Debug;
		};
		A4A98C2B2A4CB2AC00FD8F33 /* Release */ = {
			isa = XCBuildConfiguration;
			buildSettings = {
				ALWAYS_SEARCH_USER_PATHS = NO;
				CLANG_ANALYZER_NONNULL = YES;
				CLANG_ANALYZER_NUMBER_OBJECT_CONVERSION = YES_AGGRESSIVE;
				CLANG_CXX_LANGUAGE_STANDARD = "gnu++20";
				CLANG_ENABLE_MODULES = YES;
				CLANG_ENABLE_OBJC_ARC = YES;
				CLANG_ENABLE_OBJC_WEAK = YES;
				CLANG_WARN_BLOCK_CAPTURE_AUTORELEASING = YES;
				CLANG_WARN_BOOL_CONVERSION = YES;
				CLANG_WARN_COMMA = YES;
				CLANG_WARN_CONSTANT_CONVERSION = YES;
				CLANG_WARN_DEPRECATED_OBJC_IMPLEMENTATIONS = YES;
				CLANG_WARN_DIRECT_OBJC_ISA_USAGE = YES_ERROR;
				CLANG_WARN_DOCUMENTATION_COMMENTS = YES;
				CLANG_WARN_EMPTY_BODY = YES;
				CLANG_WARN_ENUM_CONVERSION = YES;
				CLANG_WARN_INFINITE_RECURSION = YES;
				CLANG_WARN_INT_CONVERSION = YES;
				CLANG_WARN_NON_LITERAL_NULL_CONVERSION = YES;
				CLANG_WARN_OBJC_IMPLICIT_RETAIN_SELF = YES;
				CLANG_WARN_OBJC_LITERAL_CONVERSION = YES;
				CLANG_WARN_OBJC_ROOT_CLASS = YES_ERROR;
				CLANG_WARN_QUOTED_INCLUDE_IN_FRAMEWORK_HEADER = YES;
				CLANG_WARN_RANGE_LOOP_ANALYSIS = YES;
				CLANG_WARN_STRICT_PROTOTYPES = YES;
				CLANG_WARN_SUSPICIOUS_MOVE = YES;
				CLANG_WARN_UNGUARDED_AVAILABILITY = YES_AGGRESSIVE;
				CLANG_WARN_UNREACHABLE_CODE = YES;
				CLANG_WARN__DUPLICATE_METHOD_MATCH = YES;
				COPY_PHASE_STRIP = NO;
				DEBUG_INFORMATION_FORMAT = "dwarf-with-dsym";
				ENABLE_NS_ASSERTIONS = NO;
				ENABLE_STRICT_OBJC_MSGSEND = YES;
				GCC_C_LANGUAGE_STANDARD = gnu11;
				GCC_NO_COMMON_BLOCKS = YES;
				GCC_WARN_64_TO_32_BIT_CONVERSION = YES;
				GCC_WARN_ABOUT_RETURN_TYPE = YES_ERROR;
				GCC_WARN_UNDECLARED_SELECTOR = YES;
				GCC_WARN_UNINITIALIZED_AUTOS = YES_AGGRESSIVE;
				GCC_WARN_UNUSED_FUNCTION = YES;
				GCC_WARN_UNUSED_VARIABLE = YES;
				IPHONEOS_DEPLOYMENT_TARGET = 16.4;
				MTL_ENABLE_DEBUG_INFO = NO;
				MTL_FAST_MATH = YES;
				SDKROOT = iphoneos;
				SWIFT_COMPILATION_MODE = wholemodule;
				SWIFT_OPTIMIZATION_LEVEL = "-O";
				VALIDATE_PRODUCT = YES;
			};
			name = Release;
		};
		A4A98C2D2A4CB2AC00FD8F33 /* Debug */ = {
			isa = XCBuildConfiguration;
			buildSettings = {
				ASSETCATALOG_COMPILER_APPICON_NAME = AppIcon;
				ASSETCATALOG_COMPILER_GLOBAL_ACCENT_COLOR_NAME = AccentColor;
				CODE_SIGN_STYLE = Automatic;
				CURRENT_PROJECT_VERSION = 1;
				DEVELOPMENT_ASSET_PATHS = "\"PicMemo/Preview Content\"";
				DEVELOPMENT_TEAM = JK7SXFP9R2;
				ENABLE_PREVIEWS = YES;
				GENERATE_INFOPLIST_FILE = YES;
				INFOPLIST_KEY_NSLocationWhenInUseUsageDescription = "We need your location to save it with your memos.";
				INFOPLIST_KEY_UIApplicationSceneManifest_Generation = YES;
				INFOPLIST_KEY_UIApplicationSupportsIndirectInputEvents = YES;
				INFOPLIST_KEY_UILaunchScreen_Generation = YES;
				INFOPLIST_KEY_UISupportedInterfaceOrientations_iPad = "UIInterfaceOrientationPortrait UIInterfaceOrientationPortraitUpsideDown UIInterfaceOrientationLandscapeLeft UIInterfaceOrientationLandscapeRight";
				INFOPLIST_KEY_UISupportedInterfaceOrientations_iPhone = "UIInterfaceOrientationPortrait UIInterfaceOrientationLandscapeLeft UIInterfaceOrientationLandscapeRight";
				LD_RUNPATH_SEARCH_PATHS = (
					"$(inherited)",
					"@executable_path/Frameworks",
				);
				MARKETING_VERSION = 1.0;
				PRODUCT_BUNDLE_IDENTIFIER = Uriel.PicMemo;
				PRODUCT_NAME = "$(TARGET_NAME)";
				SWIFT_EMIT_LOC_STRINGS = YES;
				SWIFT_VERSION = 5.0;
				TARGETED_DEVICE_FAMILY = "1,2";
			};
			name = Debug;
		};
		A4A98C2E2A4CB2AC00FD8F33 /* Release */ = {
			isa = XCBuildConfiguration;
			buildSettings = {
				ASSETCATALOG_COMPILER_APPICON_NAME = AppIcon;
				ASSETCATALOG_COMPILER_GLOBAL_ACCENT_COLOR_NAME = AccentColor;
				CODE_SIGN_STYLE = Automatic;
				CURRENT_PROJECT_VERSION = 1;
				DEVELOPMENT_ASSET_PATHS = "\"PicMemo/Preview Content\"";
				DEVELOPMENT_TEAM = JK7SXFP9R2;
				ENABLE_PREVIEWS = YES;
				GENERATE_INFOPLIST_FILE = YES;
				INFOPLIST_KEY_NSLocationWhenInUseUsageDescription = "We need your location to save it with your memos.";
				INFOPLIST_KEY_UIApplicationSceneManifest_Generation = YES;
				INFOPLIST_KEY_UIApplicationSupportsIndirectInputEvents = YES;
				INFOPLIST_KEY_UILaunchScreen_Generation = YES;
				INFOPLIST_KEY_UISupportedInterfaceOrientations_iPad = "UIInterfaceOrientationPortrait UIInterfaceOrientationPortraitUpsideDown UIInterfaceOrientationLandscapeLeft UIInterfaceOrientationLandscapeRight";
				INFOPLIST_KEY_UISupportedInterfaceOrientations_iPhone = "UIInterfaceOrientationPortrait UIInterfaceOrientationLandscapeLeft UIInterfaceOrientationLandscapeRight";
				LD_RUNPATH_SEARCH_PATHS = (
					"$(inherited)",
					"@executable_path/Frameworks",
				);
				MARKETING_VERSION = 1.0;
				PRODUCT_BUNDLE_IDENTIFIER = Uriel.PicMemo;
				PRODUCT_NAME = "$(TARGET_NAME)";
				SWIFT_EMIT_LOC_STRINGS = YES;
				SWIFT_VERSION = 5.0;
				TARGETED_DEVICE_FAMILY = "1,2";
			};
			name = Release;
		};
/* End XCBuildConfiguration section */

/* Begin XCConfigurationList section */
		A4A98C192A4CB2AA00FD8F33 /* Build configuration list for PBXProject "PicMemo" */ = {
			isa = XCConfigurationList;
			buildConfigurations = (
				A4A98C2A2A4CB2AC00FD8F33 /* Debug */,
				A4A98C2B2A4CB2AC00FD8F33 /* Release */,
			);
			defaultConfigurationIsVisible = 0;
			defaultConfigurationName = Release;
		};
		A4A98C2C2A4CB2AC00FD8F33 /* Build configuration list for PBXNativeTarget "PicMemo" */ = {
			isa = XCConfigurationList;
			buildConfigurations = (
				A4A98C2D2A4CB2AC00FD8F33 /* Debug */,
				A4A98C2E2A4CB2AC00FD8F33 /* Release */,
			);
			defaultConfigurationIsVisible = 0;
			defaultConfigurationName = Release;
		};
/* End XCConfigurationList section */
	};
	rootObject = A4A98C162A4CB2AA00FD8F33 /* Project object */;
}
